
Microsoft Visual Studio Solution File, Format Version 12.00
# Visual Studio Version 17
VisualStudioVersion = 17.4.33205.214
MinimumVisualStudioVersion = 10.0.40219.1
Project("{FAE04EC0-301F-11D3-BF4B-00C04F79EFBC}") = "亚瑟 King 取词器 Ver 1.2", "亚瑟 King 取词器 Ver 1.2.csproj", "{2A405B8B-1BD0-43E4-A05A-0D3CCD831588}"
EndProject
Global
	GlobalSection(SolutionConfigurationPlatforms) = preSolution
		Debug|Any CPU = Debug|Any CPU
		Release|Any CPU = Release|Any CPU
	EndGlobalSection
	GlobalSection(ProjectConfigurationPlatforms) = postSolution
		{2A405B8B-1BD0-43E4-A05A-0D3CCD831588}.Debug|Any CPU.ActiveCfg = Debug|Any CPU
		{2A405B8B-1BD0-43E4-A05A-0D3CCD831588}.Debug|Any CPU.Build.0 = Debug|Any CPU
		{2A405B8B-1BD0-43E4-A05A-0D3CCD831588}.Release|Any CPU.ActiveCfg = Release|Any CPU
		{2A405B8B-1BD0-43E4-A05A-0D3CCD831588}.Release|Any CPU.Build.0 = Release|Any CPU
	EndGlobalSection
	GlobalSection(SolutionProperties) = preSolution
		HideSolutionNode = FALSE
	EndGlobalSection
	GlobalSection(ExtensibilityGlobals) = postSolution
		SolutionGuid = {B30B342B-E0A8-4D32-B5B7-63FB5119992F}
	EndGlobalSection
EndGlobal
